
Microsoft Visual Studio Solution File, Format Version 12.00
# Visual Studio Version 17
VisualStudioVersion = 17.6.33815.320
MinimumVisualStudioVersion = 10.0.40219.1
Project("{9A19103F-16F7-4668-BE54-9A1E7A4F7556}") = "ChangePDMArchiveServer", "ChangePDMArchiveServer.csproj", "{B0B7BF74-5837-4012-8F99-80034E9E3D0A}"
EndProject
Global
	GlobalSection(SolutionConfigurationPlatforms) = preSolution
		Debug|Any CPU = Debug|Any CPU
		Release|Any CPU = Release|Any CPU
	EndGlobalSection
	GlobalSection(ProjectConfigurationPlatforms) = postSolution
		{B0B7BF74-5837-4012-8F99-80034E9E3D0A}.Debug|Any CPU.ActiveCfg = Debug|Any CPU
		{B0B7BF74-5837-4012-8F99-80034E9E3D0A}.Debug|Any CPU.Build.0 = Debug|Any CPU
		{B0B7BF74-5837-4012-8F99-80034E9E3D0A}.Release|Any CPU.ActiveCfg = Release|Any CPU
		{B0B7BF74-5837-4012-8F99-80034E9E3D0A}.Release|Any CPU.Build.0 = Release|Any CPU
	EndGlobalSection
	GlobalSection(SolutionProperties) = preSolution
		HideSolutionNode = FALSE
	EndGlobalSection
	GlobalSection(ExtensibilityGlobals) = postSolution
		SolutionGuid = {1AB14F28-2E60-449A-AEEE-CEBA1A78FBE1}
	EndGlobalSection
EndGlobal
